
Microsoft Visual Studio Solution File, Format Version 12.00
# Visual Studio Version 16
VisualStudioVersion = 16.0.809.1
MinimumVisualStudioVersion = 10.0.40219.1
Project("{FAE04EC0-301F-11D3-BF4B-00C04F79EFBC}") = "Test-GIT", "Test-GIT\Test-GIT.csproj", "{83BA604E-A83C-4562-BB7D-9C6EC8A3D617}"
EndProject
Global
	GlobalSection(SolutionConfigurationPlatforms) = preSolution
		Debug|Any CPU = Debug|Any CPU
		Release|Any CPU = Release|Any CPU
	EndGlobalSection
	GlobalSection(ProjectConfigurationPlatforms) = postSolution
		{83BA604E-A83C-4562-BB7D-9C6EC8A3D617}.Debug|Any CPU.ActiveCfg = Debug|Any CPU
		{83BA604E-A83C-4562-BB7D-9C6EC8A3D617}.Debug|Any CPU.Build.0 = Debug|Any CPU
		{83BA604E-A83C-4562-BB7D-9C6EC8A3D617}.Release|Any CPU.ActiveCfg = Release|Any CPU
		{83BA604E-A83C-4562-BB7D-9C6EC8A3D617}.Release|Any CPU.Build.0 = Release|Any CPU
	EndGlobalSection
	GlobalSection(SolutionProperties) = preSolution
		HideSolutionNode = FALSE
	EndGlobalSection
	GlobalSection(ExtensibilityGlobals) = postSolution
		SolutionGuid = {B3A4B6C1-7AA2-41DF-B498-00E04F9539AF}
	EndGlobalSection
EndGlobal
